---
- name: "module_aci_vlan_pool_encap_block"
  aci_vlan_pool_encap_block: "{{ aci_vlan_pool_encap_block }}"
  register: r_aci_vlan_pool_encap_block
  vars:
    aci_vlan_pool_encap_block: 
      username: "{{ aci_vlan_pool_encap_block_username | default(omit, True) }}"
      private_key: "{{ aci_vlan_pool_encap_block_private_key | default(omit, True) }}"
      pool_allocation_mode: "{{ aci_vlan_pool_encap_block_pool_allocation_mode | default(omit, True) }}"
      block_end: "{{ aci_vlan_pool_encap_block_block_end | default(omit, True) }}"
      description: "{{ aci_vlan_pool_encap_block_description | default(omit, True) }}"
      certificate_name: "{{ aci_vlan_pool_encap_block_certificate_name | default(omit, True) }}"
      block_start: "{{ aci_vlan_pool_encap_block_block_start | default(omit, True) }}"
      password: "{{ aci_vlan_pool_encap_block_password | default(omit, True) }}"
      output_level: "{{ aci_vlan_pool_encap_block_output_level | default(omit, True) }}"
      block_name: "{{ aci_vlan_pool_encap_block_block_name | default(omit, True) }}"
      state: "{{ aci_vlan_pool_encap_block_state | default(omit, True) }}"
      timeout: "{{ aci_vlan_pool_encap_block_timeout | default(omit, True) }}"
      host: "{{ aci_vlan_pool_encap_block_host | default(omit, True) }}"
      use_ssl: "{{ aci_vlan_pool_encap_block_use_ssl | default(omit, True) }}"
      allocation_mode: "{{ aci_vlan_pool_encap_block_allocation_mode | default(omit, True) }}"
      validate_certs: "{{ aci_vlan_pool_encap_block_validate_certs | default(omit, True) }}"
      port: "{{ aci_vlan_pool_encap_block_port | default(omit, True) }}"
      pool: "{{ aci_vlan_pool_encap_block_pool | default(omit, True) }}"
      use_proxy: "{{ aci_vlan_pool_encap_block_use_proxy | default(omit, True) }}"

- name: "export r_aci_vlan_pool_encap_block"
  set_stats:
    data:
      r_aci_vlan_pool_encap_block: "{{ r_aci_vlan_pool_encap_block }}"
